
Microsoft Visual Studio Solution File, Format Version 12.00
# Visual Studio 15
VisualStudioVersion = 15.0.27130.0
MinimumVisualStudioVersion = 10.0.40219.1
Project("{9A19103F-16F7-4668-BE54-9A1E7A4F7556}") = "StarterKit.Contracts", "StarterKit.Contracts\StarterKit.Contracts.csproj", "{55F45F75-65C4-45BD-A421-24FC26039370}"
EndProject
Project("{9A19103F-16F7-4668-BE54-9A1E7A4F7556}") = "StarterKit.Module", "StarterKit.Module\StarterKit.Module.csproj", "{C88AEA15-7425-4891-B104-80F16A53CFA7}"
EndProject
Project("{9A19103F-16F7-4668-BE54-9A1E7A4F7556}") = "StarterKit.Service", "StarterKit.Service\StarterKit.Service.csproj", "{F17FB2EF-764D-4767-9CE8-850E80565BFA}"
EndProject
Project("{9A19103F-16F7-4668-BE54-9A1E7A4F7556}") = "StarterKit.IntegrationTests", "StarterKit.IntegrationTests\StarterKit.IntegrationTests.csproj", "{03C67CF9-89AA-4254-9000-1C3DCB1C3B94}"
EndProject
Global
	GlobalSection(SolutionConfigurationPlatforms) = preSolution
		Debug|Any CPU = Debug|Any CPU
		Release|Any CPU = Release|Any CPU
	EndGlobalSection
	GlobalSection(ProjectConfigurationPlatforms) = postSolution
		{55F45F75-65C4-45BD-A421-24FC26039370}.Debug|Any CPU.ActiveCfg = Debug|Any CPU
		{55F45F75-65C4-45BD-A421-24FC26039370}.Debug|Any CPU.Build.0 = Debug|Any CPU
		{55F45F75-65C4-45BD-A421-24FC26039370}.Release|Any CPU.ActiveCfg = Release|Any CPU
		{55F45F75-65C4-45BD-A421-24FC26039370}.Release|Any CPU.Build.0 = Release|Any CPU
		{C88AEA15-7425-4891-B104-80F16A53CFA7}.Debug|Any CPU.ActiveCfg = Debug|Any CPU
		{C88AEA15-7425-4891-B104-80F16A53CFA7}.Debug|Any CPU.Build.0 = Debug|Any CPU
		{C88AEA15-7425-4891-B104-80F16A53CFA7}.Release|Any CPU.ActiveCfg = Release|Any CPU
		{C88AEA15-7425-4891-B104-80F16A53CFA7}.Release|Any CPU.Build.0 = Release|Any CPU
		{F17FB2EF-764D-4767-9CE8-850E80565BFA}.Debug|Any CPU.ActiveCfg = Debug|Any CPU
		{F17FB2EF-764D-4767-9CE8-850E80565BFA}.Debug|Any CPU.Build.0 = Debug|Any CPU
		{F17FB2EF-764D-4767-9CE8-850E80565BFA}.Release|Any CPU.ActiveCfg = Release|Any CPU
		{F17FB2EF-764D-4767-9CE8-850E80565BFA}.Release|Any CPU.Build.0 = Release|Any CPU
		{03C67CF9-89AA-4254-9000-1C3DCB1C3B94}.Debug|Any CPU.ActiveCfg = Debug|Any CPU
		{03C67CF9-89AA-4254-9000-1C3DCB1C3B94}.Debug|Any CPU.Build.0 = Debug|Any CPU
		{03C67CF9-89AA-4254-9000-1C3DCB1C3B94}.Release|Any CPU.ActiveCfg = Release|Any CPU
		{03C67CF9-89AA-4254-9000-1C3DCB1C3B94}.Release|Any CPU.Build.0 = Release|Any CPU
	EndGlobalSection
	GlobalSection(SolutionProperties) = preSolution
		HideSolutionNode = FALSE
	EndGlobalSection
	GlobalSection(ExtensibilityGlobals) = postSolution
		SolutionGuid = {3CE35C33-40A4-4178-B33A-A1C309DBF222}
	EndGlobalSection
EndGlobal
